{
    "name": "basic-server",
    "version": "1.0.0",
    "lockfileVersion": 3,
    "requires": true,
    "packages": {
        "": {
            "name": "basic-server",
            "version": "1.0.0",
            "license": "ISC",
            "dependencies": {
                "arri": "file:../../dist/packages/arri"
            }
        },
        "../../dist/packages/arri": {
            "version": "0.0.0",
            "dependencies": {
                "c12": "^1.4.2",
                "chokidar": "^3.5.3",
                "citty": "^0.1.2",
                "consola": "^3.1.0",
                "h3": "^1.7.0",
                "h3-zod": "^0.5.1",
                "pathe": "^1.1.1",
                "zod": "^3.21.4"
            },
            "bin": {
                "arri": "dist/cli.mjs"
            }
        },
        "../../packages/arri": {
            "extraneous": true,
            "bin": {
                "arri": "dist/cli.mjs"
            }
        },
        "../../packages/server": {
            "name": "arri",
            "version": "0.0.1",
            "extraneous": true,
            "dependencies": {
                "citty": "^0.1.2",
                "consola": "^3.2.3",
                "h3": "^1.7.1",
                "h3-zod": "^0.5.1",
                "zod": "^3.21.4"
            },
            "bin": {
                "arri": "dist/cli.js"
            }
        },
        "node_modules/arri": {
            "resolved": "../../dist/packages/arri",
            "link": true
        }
    }
}
