{
    "name": "basic-server",
    "version": "1.0.0",
    "lockfileVersion": 3,
    "requires": true,
    "packages": {
        "": {
            "name": "basic-server",
            "version": "1.0.0",
            "license": "ISC",
            "dependencies": {
                "arri": "file:../../packages/server"
            }
        },
        "../../packages/server": {
            "name": "arri",
            "version": "0.0.1",
            "dependencies": {
                "citty": "^0.1.2",
                "consola": "^3.2.3",
                "h3": "^1.7.1",
                "h3-zod": "^0.5.1",
                "zod": "^3.21.4"
            },
            "bin": {
                "arri": "dist/cli.js"
            }
        },
        "node_modules/arri": {
            "resolved": "../../packages/server",
            "link": true
        }
    }
}
