lockfileVersion: '9.0'

settings:
  autoInstallPeers: true
  excludeLinksFromLockfile: false

importers:

  .:
    dependencies:
      '@arrirpc/type-defs':
        specifier: workspace:*
        version: link:../type-defs
      scule:
        specifier: ^1.3.0
        version: 1.3.0

packages:

  scule@1.3.0:
    resolution: {integrity: sha512-6FtHJEvt+pVMIB9IBY+IcCJ6Z5f1iQnytgyfKMhDKgmzYG+TeH/wx1y3l27rshSbLiSanrR9ffZDrEsmjlQF2g==}

snapshots:

  scule@1.3.0: {}
