{
  "originHash" : "c0eaa29b66194727c7032b4e5c391e30bb11f4f42a4f6cff71845495c41c98f9",
  "pins" : [
    {
      "identity" : "swift-http-types",
      "kind" : "remoteSourceControl",
      "location" : "https://github.com/apple/swift-http-types.git",
      "state" : {
        "revision" : "ae67c8178eb46944fd85e4dc6dd970e1f3ed6ccd",
        "version" : "1.3.0"
      }
    }
  ],
  "version" : 3
}
