{
  "originHash" : "5a0a06358dc0a017c61f18bb89ae734794b03cdaa4212dd0b0f9c9e0331907ba",
  "pins" : [
    {
      "identity" : "objectmapper",
      "kind" : "remoteSourceControl",
      "location" : "https://github.com/tristanhimmelman/ObjectMapper.git",
      "state" : {
        "revision" : "6021c6035e83a306047348666f6400dc61445d3b",
        "version" : "4.4.3"
      }
    }
  ],
  "version" : 3
}
