lockfileVersion: '9.0'

settings:
  autoInstallPeers: true
  excludeLinksFromLockfile: false

importers:

  .:
    dependencies:
      '@arrirpc/schema':
        specifier: workspace:*
        version: link:../ts-schema
      event-source-plus:
        specifier: ^0.1.15
        version: 0.1.15
      ofetch:
        specifier: ^1.5.1
        version: 1.5.1

packages:

  destr@2.0.5:
    resolution: {integrity: sha512-ugFTXCtDZunbzasqBxrK93Ik/DRYsO6S/fedkWEMKqt04xZ4csmnmwGDBAb07QWNaGMAmnTIemsYZCksjATwsA==}

  event-source-plus@0.1.15:
    resolution: {integrity: sha512-kt3z/UwDbZxHttynwmXlqTf1qknWqPgswsbvSok1ob6SveMts4BqRXow6aiwB55xTY1XvSXuhn+IvYQErWLyKA==}

  node-fetch-native@1.6.7:
    resolution: {integrity: sha512-g9yhqoedzIUm0nTnTqAQvueMPVOuIY16bqgAJJC8XOOubYFNwz6IER9qs0Gq2Xd0+CecCKFjtdDTMA4u4xG06Q==}

  ofetch@1.5.1:
    resolution: {integrity: sha512-2W4oUZlVaqAPAil6FUg/difl6YhqhUR7x2eZY4bQCko22UXg3hptq9KLQdqFClV+Wu85UX7hNtdGTngi/1BxcA==}

  ufo@1.6.1:
    resolution: {integrity: sha512-9a4/uxlTWJ4+a5i0ooc1rU7C7YOw3wT+UGqdeNNHWnOF9qcMBgLRS+4IYUqbczewFx4mLEig6gawh7X6mFlEkA==}

snapshots:

  destr@2.0.5: {}

  event-source-plus@0.1.15:
    dependencies:
      ofetch: 1.5.1

  node-fetch-native@1.6.7: {}

  ofetch@1.5.1:
    dependencies:
      destr: 2.0.5
      node-fetch-native: 1.6.7
      ufo: 1.6.1

  ufo@1.6.1: {}
