lockfileVersion: '6.0'

settings:
  autoInstallPeers: true
  excludeLinksFromLockfile: false

dependencies:
  '@faker-js/faker':
    specifier: ^8.0.2
    version: 8.0.2
  arri:
    specifier: link:../../../dist/packages/arri
    version: link:../../../dist/packages/arri
  arri-validate:
    specifier: link:../../../dist/packages/arri-validate
    version: link:../../../dist/packages/arri-validate

packages:

  /@faker-js/faker@8.0.2:
    resolution: {integrity: sha512-Uo3pGspElQW91PCvKSIAXoEgAUlRnH29sX2/p89kg7sP1m2PzCufHINd0FhTXQf6DYGiUlVncdSPa2F9wxed2A==}
    engines: {node: ^14.17.0 || ^16.13.0 || >=18.0.0, npm: '>=6.14.13'}
    dev: false
